// !$*UTF8*$!
{
	archiveVersion = 1;
	classes = {
	};
	objectVersion = 56;
	objects = {

/* Begin PBXBuildFile section */
		F47BA28E28F43D7E00C321E5 /* FlowerBloomAnimationApp.swift in Sources */ = {isa = PBXBuildFile; fileRef = F47BA28D28F43D7E00C321E5 /* FlowerBloomAnimationApp.swift */; };
		F47BA29028F43D7E00C321E5 /* ContentView.swift in Sources */ = {isa = PBXBuildFile; fileRef = F47BA28F28F43D7E00C321E5 /* ContentView.swift */; };
		F47BA29228F43D8000C321E5 /* Assets.xcassets in Resources */ = {isa = PBXBuildFile; fileRef = F47BA29128F43D8000C321E5 /* Assets.xcassets */; };
		F47BA29528F43D8000C321E5 /* Preview Assets.xcassets in Resources */ = {isa = PBXBuildFile; fileRef = F47BA29428F43D8000C321E5 /* Preview Assets.xcassets */; };
		F47BA29C28F43DCE00C321E5 /* FlowerCurveSegment2.swift in Sources */ = {isa = PBXBuildFile; fileRef = F47BA29B28F43DCE00C321E5 /* FlowerCurveSegment2.swift */; };
		F47BA29F28F43DFA00C321E5 /* Figures.swift in Sources */ = {isa = PBXBuildFile; fileRef = F47BA29E28F43DFA00C321E5 /* Figures.swift */; };
		F47BA2A128F43F4A00C321E5 /* FlowerCurveSegment1.swift in Sources */ = {isa = PBXBuildFile; fileRef = F47BA2A028F43F4A00C321E5 /* FlowerCurveSegment1.swift */; };
		F47BA2A328F4403D00C321E5 /* AnimatedBackground.swift in Sources */ = {isa = PBXBuildFile; fileRef = F47BA2A228F4403D00C321E5 /* AnimatedBackground.swift */; };
		F47BA2A528F4437100C321E5 /* Color+Properties.swift in Sources */ = {isa = PBXBuildFile; fileRef = F47BA2A428F4437100C321E5 /* Color+Properties.swift */; };
		F47FC80828F5363800078F2D /* vid.MOV in Resources */ = {isa = PBXBuildFile; fileRef = F47FC80728F5363800078F2D /* vid.MOV */; };
/* End PBXBuildFile section */

/* Begin PBXFileReference section */
		F47BA28A28F43D7E00C321E5 /* FlowerBloomAnimation.app */ = {isa = PBXFileReference; explicitFileType = wrapper.application; includeInIndex = 0; path = FlowerBloomAnimation.app; sourceTree = BUILT_PRODUCTS_DIR; };
		F47BA28D28F43D7E00C321E5 /* FlowerBloomAnimationApp.swift */ = {isa = PBXFileReference; lastKnownFileType = sourcecode.swift; path = FlowerBloomAnimationApp.swift; sourceTree = "<group>"; };
		F47BA28F28F43D7E00C321E5 /* ContentView.swift */ = {isa = PBXFileReference; lastKnownFileType = sourcecode.swift; path = ContentView.swift; sourceTree = "<group>"; };
		F47BA29128F43D8000C321E5 /* Assets.xcassets */ = {isa = PBXFileReference; lastKnownFileType = folder.assetcatalog; path = Assets.xcassets; sourceTree = "<group>"; };
		F47BA29428F43D8000C321E5 /* Preview Assets.xcassets */ = {isa = PBXFileReference; lastKnownFileType = folder.assetcatalog; path = "Preview Assets.xcassets"; sourceTree = "<group>"; };
		F47BA29B28F43DCE00C321E5 /* FlowerCurveSegment2.swift */ = {isa = PBXFileReference; lastKnownFileType = sourcecode.swift; path = FlowerCurveSegment2.swift; sourceTree = "<group>"; };
		F47BA29E28F43DFA00C321E5 /* Figures.swift */ = {isa = PBXFileReference; lastKnownFileType = sourcecode.swift; path = Figures.swift; sourceTree = "<group>"; };
		F47BA2A028F43F4A00C321E5 /* FlowerCurveSegment1.swift */ = {isa = PBXFileReference; lastKnownFileType = sourcecode.swift; path = FlowerCurveSegment1.swift; sourceTree = "<group>"; };
		F47BA2A228F4403D00C321E5 /* AnimatedBackground.swift */ = {isa = PBXFileReference; lastKnownFileType = sourcecode.swift; path = AnimatedBackground.swift; sourceTree = "<group>"; };
		F47BA2A428F4437100C321E5 /* Color+Properties.swift */ = {isa = PBXFileReference; lastKnownFileType = sourcecode.swift; path = "Color+Properties.swift"; sourceTree = "<group>"; };
		F47FC80728F5363800078F2D /* vid.MOV */ = {isa = PBXFileReference; lastKnownFileType = video.quicktime; path = vid.MOV; sourceTree = "<group>"; };
/* End PBXFileReference section */

/* Begin PBXFrameworksBuildPhase section */
		F47BA28728F43D7E00C321E5 /* Frameworks */ = {
			isa = PBXFrameworksBuildPhase;
			buildActionMask = 2147483647;
			files = (
			);
			runOnlyForDeploymentPostprocessing = 0;
		};
/* End PBXFrameworksBuildPhase section */

/* Begin PBXGroup section */
		F47BA28128F43D7E00C321E5 = {
			isa = PBXGroup;
			children = (
				F47BA28C28F43D7E00C321E5 /* FlowerBloomAnimation */,
				F47BA28B28F43D7E00C321E5 /* Products */,
			);
			sourceTree = "<group>";
		};
		F47BA28B28F43D7E00C321E5 /* Products */ = {
			isa = PBXGroup;
			children = (
				F47BA28A28F43D7E00C321E5 /* FlowerBloomAnimation.app */,
			);
			name = Products;
			sourceTree = "<group>";
		};
		F47BA28C28F43D7E00C321E5 /* FlowerBloomAnimation */ = {
			isa = PBXGroup;
			children = (
				F47FC80628F5361800078F2D /* Resources */,
				F47BA29D28F43DEA00C321E5 /* Model */,
				F47BA28D28F43D7E00C321E5 /* FlowerBloomAnimationApp.swift */,
				F47BA28F28F43D7E00C321E5 /* ContentView.swift */,
				F47BA29128F43D8000C321E5 /* Assets.xcassets */,
				F47BA29328F43D8000C321E5 /* Preview Content */,
				F47BA2A028F43F4A00C321E5 /* FlowerCurveSegment1.swift */,
				F47BA29B28F43DCE00C321E5 /* FlowerCurveSegment2.swift */,
				F47BA2A228F4403D00C321E5 /* AnimatedBackground.swift */,
				F47BA2A428F4437100C321E5 /* Color+Properties.swift */,
			);
			path = FlowerBloomAnimation;
			sourceTree = "<group>";
		};
		F47BA29328F43D8000C321E5 /* Preview Content */ = {
			isa = PBXGroup;
			children = (
				F47BA29428F43D8000C321E5 /* Preview Assets.xcassets */,
			);
			path = "Preview Content";
			sourceTree = "<group>";
		};
		F47BA29D28F43DEA00C321E5 /* Model */ = {
			isa = PBXGroup;
			children = (
				F47BA29E28F43DFA00C321E5 /* Figures.swift */,
			);
			path = Model;
			sourceTree = "<group>";
		};
		F47FC80628F5361800078F2D /* Resources */ = {
			isa = PBXGroup;
			children = (
				F47FC80728F5363800078F2D /* vid.MOV */,
			);
			path = Resources;
			sourceTree = "<group>";
		};
/* End PBXGroup section */

/* Begin PBXNativeTarget section */
		F47BA28928F43D7E00C321E5 /* FlowerBloomAnimation */ = {
			isa = PBXNativeTarget;
			buildConfigurationList = F47BA29828F43D8000C321E5 /* Build configuration list for PBXNativeTarget "FlowerBloomAnimation" */;
			buildPhases = (
				F47BA28628F43D7E00C321E5 /* Sources */,
				F47BA28728F43D7E00C321E5 /* Frameworks */,
				F47BA28828F43D7E00C321E5 /* Resources */,
			);
			buildRules = (
			);
			dependencies = (
			);
			name = FlowerBloomAnimation;
			productName = FlowerBloomAnimation;
			productReference = F47BA28A28F43D7E00C321E5 /* FlowerBloomAnimation.app */;
			productType = "com.apple.product-type.application";
		};
/* End PBXNativeTarget section */

/* Begin PBXProject section */
		F47BA28228F43D7E00C321E5 /* Project object */ = {
			isa = PBXProject;
			attributes = {
				BuildIndependentTargetsInParallel = 1;
				LastSwiftUpdateCheck = 1400;
				LastUpgradeCheck = 1400;
				TargetAttributes = {
					F47BA28928F43D7E00C321E5 = {
						CreatedOnToolsVersion = 14.0;
					};
				};
			};
			buildConfigurationList = F47BA28528F43D7E00C321E5 /* Build configuration list for PBXProject "FlowerBloomAnimation" */;
			compatibilityVersion = "Xcode 14.0";
			developmentRegion = en;
			hasScannedForEncodings = 0;
			knownRegions = (
				en,
				Base,
			);
			mainGroup = F47BA28128F43D7E00C321E5;
			productRefGroup = F47BA28B28F43D7E00C321E5 /* Products */;
			projectDirPath = "";
			projectRoot = "";
			targets = (
				F47BA28928F43D7E00C321E5 /* FlowerBloomAnimation */,
			);
		};
/* End PBXProject section */

/* Begin PBXResourcesBuildPhase section */
		F47BA28828F43D7E00C321E5 /* Resources */ = {
			isa = PBXResourcesBuildPhase;
			buildActionMask = 2147483647;
			files = (
				F47FC80828F5363800078F2D /* vid.MOV in Resources */,
				F47BA29528F43D8000C321E5 /* Preview Assets.xcassets in Resources */,
				F47BA29228F43D8000C321E5 /* Assets.xcassets in Resources */,
			);
			runOnlyForDeploymentPostprocessing = 0;
		};
/* End PBXResourcesBuildPhase section */

/* Begin PBXSourcesBuildPhase section */
		F47BA28628F43D7E00C321E5 /* Sources */ = {
			isa = PBXSourcesBuildPhase;
			buildActionMask = 2147483647;
			files = (
				F47BA29028F43D7E00C321E5 /* ContentView.swift in Sources */,
				F47BA2A528F4437100C321E5 /* Color+Properties.swift in Sources */,
				F47BA2A128F43F4A00C321E5 /* FlowerCurveSegment1.swift in Sources */,
				F47BA29F28F43DFA00C321E5 /* Figures.swift in Sources */,
				F47BA29C28F43DCE00C321E5 /* FlowerCurveSegment2.swift in Sources */,
				F47BA2A328F4403D00C321E5 /* AnimatedBackground.swift in Sources */,
				F47BA28E28F43D7E00C321E5 /* FlowerBloomAnimationApp.swift in Sources */,
			);
			runOnlyForDeploymentPostprocessing = 0;
		};
/* End PBXSourcesBuildPhase section */

/* Begin XCBuildConfiguration section */
		F47BA29628F43D8000C321E5 /* Debug */ = {
			isa = XCBuildConfiguration;
			buildSettings = {
				ALWAYS_SEARCH_USER_PATHS = NO;
				CLANG_ANALYZER_NONNULL = YES;
				CLANG_ANALYZER_NUMBER_OBJECT_CONVERSION = YES_AGGRESSIVE;
				CLANG_CXX_LANGUAGE_STANDARD = "gnu++20";
				CLANG_ENABLE_MODULES = YES;
				CLANG_ENABLE_OBJC_ARC = YES;
				CLANG_ENABLE_OBJC_WEAK = YES;
				CLANG_WARN_BLOCK_CAPTURE_AUTORELEASING = YES;
				CLANG_WARN_BOOL_CONVERSION = YES;
				CLANG_WARN_COMMA = YES;
				CLANG_WARN_CONSTANT_CONVERSION = YES;
				CLANG_WARN_DEPRECATED_OBJC_IMPLEMENTATIONS = YES;
				CLANG_WARN_DIRECT_OBJC_ISA_USAGE = YES_ERROR;
				CLANG_WARN_DOCUMENTATION_COMMENTS = YES;
				CLANG_WARN_EMPTY_BODY = YES;
				CLANG_WARN_ENUM_CONVERSION = YES;
				CLANG_WARN_INFINITE_RECURSION = YES;
				CLANG_WARN_INT_CONVERSION = YES;
				CLANG_WARN_NON_LITERAL_NULL_CONVERSION = YES;
				CLANG_WARN_OBJC_IMPLICIT_RETAIN_SELF = YES;
				CLANG_WARN_OBJC_LITERAL_CONVERSION = YES;
				CLANG_WARN_OBJC_ROOT_CLASS = YES_ERROR;
				CLANG_WARN_QUOTED_INCLUDE_IN_FRAMEWORK_HEADER = YES;
				CLANG_WARN_RANGE_LOOP_ANALYSIS = YES;
				CLANG_WARN_STRICT_PROTOTYPES = YES;
				CLANG_WARN_SUSPICIOUS_MOVE = YES;
				CLANG_WARN_UNGUARDED_AVAILABILITY = YES_AGGRESSIVE;
				CLANG_WARN_UNREACHABLE_CODE = YES;
				CLANG_WARN__DUPLICATE_METHOD_MATCH = YES;
				COPY_PHASE_STRIP = NO;
				DEBUG_INFORMATION_FORMAT = dwarf;
				ENABLE_STRICT_OBJC_MSGSEND = YES;
				ENABLE_TESTABILITY = YES;
				GCC_C_LANGUAGE_STANDARD = gnu11;
				GCC_DYNAMIC_NO_PIC = NO;
				GCC_NO_COMMON_BLOCKS = YES;
				GCC_OPTIMIZATION_LEVEL = 0;
				GCC_PREPROCESSOR_DEFINITIONS = (
					"DEBUG=1",
					"$(inherited)",
				);
				GCC_WARN_64_TO_32_BIT_CONVERSION = YES;
				GCC_WARN_ABOUT_RETURN_TYPE = YES_ERROR;
				GCC_WARN_UNDECLARED_SELECTOR = YES;
				GCC_WARN_UNINITIALIZED_AUTOS = YES_AGGRESSIVE;
				GCC_WARN_UNUSED_FUNCTION = YES;
				GCC_WARN_UNUSED_VARIABLE = YES;
				IPHONEOS_DEPLOYMENT_TARGET = 16.0;
				MTL_ENABLE_DEBUG_INFO = INCLUDE_SOURCE;
				MTL_FAST_MATH = YES;
				ONLY_ACTIVE_ARCH = YES;
				SDKROOT = iphoneos;
				SWIFT_ACTIVE_COMPILATION_CONDITIONS = DEBUG;
				SWIFT_OPTIMIZATION_LEVEL = "-Onone";
			};
			name = Debug;
		};
		F47BA29728F43D8000C321E5 /* Release */ = {
			isa = XCBuildConfiguration;
			buildSettings = {
				ALWAYS_SEARCH_USER_PATHS = NO;
				CLANG_ANALYZER_NONNULL = YES;
				CLANG_ANALYZER_NUMBER_OBJECT_CONVERSION = YES_AGGRESSIVE;
				CLANG_CXX_LANGUAGE_STANDARD = "gnu++20";
				CLANG_ENABLE_MODULES = YES;
				CLANG_ENABLE_OBJC_ARC = YES;
				CLANG_ENABLE_OBJC_WEAK = YES;
				CLANG_WARN_BLOCK_CAPTURE_AUTORELEASING = YES;
				CLANG_WARN_BOOL_CONVERSION = YES;
				CLANG_WARN_COMMA = YES;
				CLANG_WARN_CONSTANT_CONVERSION = YES;
				CLANG_WARN_DEPRECATED_OBJC_IMPLEMENTATIONS = YES;
				CLANG_WARN_DIRECT_OBJC_ISA_USAGE = YES_ERROR;
				CLANG_WARN_DOCUMENTATION_COMMENTS = YES;
				CLANG_WARN_EMPTY_BODY = YES;
				CLANG_WARN_ENUM_CONVERSION = YES;
				CLANG_WARN_INFINITE_RECURSION = YES;
				CLANG_WARN_INT_CONVERSION = YES;
				CLANG_WARN_NON_LITERAL_NULL_CONVERSION = YES;
				CLANG_WARN_OBJC_IMPLICIT_RETAIN_SELF = YES;
				CLANG_WARN_OBJC_LITERAL_CONVERSION = YES;
				CLANG_WARN_OBJC_ROOT_CLASS = YES_ERROR;
				CLANG_WARN_QUOTED_INCLUDE_IN_FRAMEWORK_HEADER = YES;
				CLANG_WARN_RANGE_LOOP_ANALYSIS = YES;
				CLANG_WARN_STRICT_PROTOTYPES = YES;
				CLANG_WARN_SUSPICIOUS_MOVE = YES;
				CLANG_WARN_UNGUARDED_AVAILABILITY = YES_AGGRESSIVE;
				CLANG_WARN_UNREACHABLE_CODE = YES;
				CLANG_WARN__DUPLICATE_METHOD_MATCH = YES;
				COPY_PHASE_STRIP = NO;
				DEBUG_INFORMATION_FORMAT = "dwarf-with-dsym";
				ENABLE_NS_ASSERTIONS = NO;
				ENABLE_STRICT_OBJC_MSGSEND = YES;
				GCC_C_LANGUAGE_STANDARD = gnu11;
				GCC_NO_COMMON_BLOCKS = YES;
				GCC_WARN_64_TO_32_BIT_CONVERSION = YES;
				GCC_WARN_ABOUT_RETURN_TYPE = YES_ERROR;
				GCC_WARN_UNDECLARED_SELECTOR = YES;
				GCC_WARN_UNINITIALIZED_AUTOS = YES_AGGRESSIVE;
				GCC_WARN_UNUSED_FUNCTION = YES;
				GCC_WARN_UNUSED_VARIABLE = YES;
				IPHONEOS_DEPLOYMENT_TARGET = 16.0;
				MTL_ENABLE_DEBUG_INFO = NO;
				MTL_FAST_MATH = YES;
				SDKROOT = iphoneos;
				SWIFT_COMPILATION_MODE = wholemodule;
				SWIFT_OPTIMIZATION_LEVEL = "-O";
				VALIDATE_PRODUCT = YES;
			};
			name = Release;
		};
		F47BA29928F43D8000C321E5 /* Debug */ = {
			isa = XCBuildConfiguration;
			buildSettings = {
				ASSETCATALOG_COMPILER_APPICON_NAME = AppIcon;
				ASSETCATALOG_COMPILER_GLOBAL_ACCENT_COLOR_NAME = AccentColor;
				CODE_SIGN_STYLE = Automatic;
				CURRENT_PROJECT_VERSION = 1;
				DEVELOPMENT_ASSET_PATHS = "\"FlowerBloomAnimation/Preview Content\"";
				DEVELOPMENT_TEAM = CNG79B32AZ;
				ENABLE_PREVIEWS = YES;
				GENERATE_INFOPLIST_FILE = YES;
				INFOPLIST_KEY_UIApplicationSceneManifest_Generation = YES;
				INFOPLIST_KEY_UIApplicationSupportsIndirectInputEvents = YES;
				INFOPLIST_KEY_UILaunchScreen_Generation = YES;
				INFOPLIST_KEY_UISupportedInterfaceOrientations_iPad = "UIInterfaceOrientationPortrait UIInterfaceOrientationPortraitUpsideDown UIInterfaceOrientationLandscapeLeft UIInterfaceOrientationLandscapeRight";
				INFOPLIST_KEY_UISupportedInterfaceOrientations_iPhone = "UIInterfaceOrientationPortrait UIInterfaceOrientationLandscapeLeft UIInterfaceOrientationLandscapeRight";
				LD_RUNPATH_SEARCH_PATHS = (
					"$(inherited)",
					"@executable_path/Frameworks",
				);
				MARKETING_VERSION = 1.0;
				PRODUCT_BUNDLE_IDENTIFIER = com.banjodayo.FlowerBloomAnimation;
				PRODUCT_NAME = "$(TARGET_NAME)";
				SWIFT_EMIT_LOC_STRINGS = YES;
				SWIFT_VERSION = 5.0;
				TARGETED_DEVICE_FAMILY = "1,2";
			};
			name = Debug;
		};
		F47BA29A28F43D8000C321E5 /* Release */ = {
			isa = XCBuildConfiguration;
			buildSettings = {
				ASSETCATALOG_COMPILER_APPICON_NAME = AppIcon;
				ASSETCATALOG_COMPILER_GLOBAL_ACCENT_COLOR_NAME = AccentColor;
				CODE_SIGN_STYLE = Automatic;
				CURRENT_PROJECT_VERSION = 1;
				DEVELOPMENT_ASSET_PATHS = "\"FlowerBloomAnimation/Preview Content\"";
				DEVELOPMENT_TEAM = CNG79B32AZ;
				ENABLE_PREVIEWS = YES;
				GENERATE_INFOPLIST_FILE = YES;
				INFOPLIST_KEY_UIApplicationSceneManifest_Generation = YES;
				INFOPLIST_KEY_UIApplicationSupportsIndirectInputEvents = YES;
				INFOPLIST_KEY_UILaunchScreen_Generation = YES;
				INFOPLIST_KEY_UISupportedInterfaceOrientations_iPad = "UIInterfaceOrientationPortrait UIInterfaceOrientationPortraitUpsideDown UIInterfaceOrientationLandscapeLeft UIInterfaceOrientationLandscapeRight";
				INFOPLIST_KEY_UISupportedInterfaceOrientations_iPhone = "UIInterfaceOrientationPortrait UIInterfaceOrientationLandscapeLeft UIInterfaceOrientationLandscapeRight";
				LD_RUNPATH_SEARCH_PATHS = (
					"$(inherited)",
					"@executable_path/Frameworks",
				);
				MARKETING_VERSION = 1.0;
				PRODUCT_BUNDLE_IDENTIFIER = com.banjodayo.FlowerBloomAnimation;
				PRODUCT_NAME = "$(TARGET_NAME)";
				SWIFT_EMIT_LOC_STRINGS = YES;
				SWIFT_VERSION = 5.0;
				TARGETED_DEVICE_FAMILY = "1,2";
			};
			name = Release;
		};
/* End XCBuildConfiguration section */

/* Begin XCConfigurationList section */
		F47BA28528F43D7E00C321E5 /* Build configuration list for PBXProject "FlowerBloomAnimation" */ = {
			isa = XCConfigurationList;
			buildConfigurations = (
				F47BA29628F43D8000C321E5 /* Debug */,
				F47BA29728F43D8000C321E5 /* Release */,
			);
			defaultConfigurationIsVisible = 0;
			defaultConfigurationName = Release;
		};
		F47BA29828F43D8000C321E5 /* Build configuration list for PBXNativeTarget "FlowerBloomAnimation" */ = {
			isa = XCConfigurationList;
			buildConfigurations = (
				F47BA29928F43D8000C321E5 /* Debug */,
				F47BA29A28F43D8000C321E5 /* Release */,
			);
			defaultConfigurationIsVisible = 0;
			defaultConfigurationName = Release;
		};
/* End XCConfigurationList section */
	};
	rootObject = F47BA28228F43D7E00C321E5 /* Project object */;
}
